
Microsoft Visual Studio Solution File, Format Version 12.00
# Visual Studio 15
VisualStudioVersion = 15.0.28307.438
MinimumVisualStudioVersion = 10.0.40219.1
Project("{FAE04EC0-301F-11D3-BF4B-00C04F79EFBC}") = "PerformanceColorker", "PerformanceColorker\PerformanceColorker.csproj", "{C18C26B7-A0C6-4EBD-B387-44717DB89B14}"
EndProject
Global
	GlobalSection(SolutionConfigurationPlatforms) = preSolution
		Debug|Any CPU = Debug|Any CPU
		Release|Any CPU = Release|Any CPU
	EndGlobalSection
	GlobalSection(ProjectConfigurationPlatforms) = postSolution
		{C18C26B7-A0C6-4EBD-B387-44717DB89B14}.Debug|Any CPU.ActiveCfg = Debug|Any CPU
		{C18C26B7-A0C6-4EBD-B387-44717DB89B14}.Debug|Any CPU.Build.0 = Debug|Any CPU
		{C18C26B7-A0C6-4EBD-B387-44717DB89B14}.Release|Any CPU.ActiveCfg = Release|Any CPU
		{C18C26B7-A0C6-4EBD-B387-44717DB89B14}.Release|Any CPU.Build.0 = Release|Any CPU
	EndGlobalSection
	GlobalSection(SolutionProperties) = preSolution
		HideSolutionNode = FALSE
	EndGlobalSection
	GlobalSection(ExtensibilityGlobals) = postSolution
		SolutionGuid = {F1364013-11F9-42CA-8576-C86ACAC4DF96}
	EndGlobalSection
EndGlobal
